// !$*UTF8*$!
{
	archiveVersion = 1;
	classes = {
	};
	objectVersion = 46;
	objects = {

/* Begin PBXBuildFile section */
		A503FC2A185339E300823962 /* PGError.m in Sources */ = {isa = PBXBuildFile; fileRef = A503FC21185339E300823962 /* PGError.m */; };
		A503FC2B185339E300823962 /* PGRequest.m in Sources */ = {isa = PBXBuildFile; fileRef = A503FC23185339E300823962 /* PGRequest.m */; };
		A503FC2C185339E300823962 /* PGRequestConnection.m in Sources */ = {isa = PBXBuildFile; fileRef = A503FC25185339E300823962 /* PGRequestConnection.m */; };
		A503FC2D185339E300823962 /* PGURLConnection.m in Sources */ = {isa = PBXBuildFile; fileRef = A503FC27185339E300823962 /* PGURLConnection.m */; };
		A503FC2E185339E300823962 /* PGUtility.m in Sources */ = {isa = PBXBuildFile; fileRef = A503FC29185339E300823962 /* PGUtility.m */; };
		A503FC3218533A2200823962 /* BlastWelcomeViewController.m in Sources */ = {isa = PBXBuildFile; fileRef = A503FC3118533A2200823962 /* BlastWelcomeViewController.m */; };
		A503FC3D185347F300823962 /* BTCameraViewController.m in Sources */ = {isa = PBXBuildFile; fileRef = A503FC3A185347F300823962 /* BTCameraViewController.m */; };
		A503FC3E185347F300823962 /* BTPostTextViewController.m in Sources */ = {isa = PBXBuildFile; fileRef = A503FC3C185347F300823962 /* BTPostTextViewController.m */; };
		A503FC4118534D7500823962 /* BlastItemCell.m in Sources */ = {isa = PBXBuildFile; fileRef = A503FC4018534D7500823962 /* BlastItemCell.m */; };
		A503FC44185358D800823962 /* MRZoomScrollView.m in Sources */ = {isa = PBXBuildFile; fileRef = A503FC43185358D800823962 /* MRZoomScrollView.m */; };
		A503FC4918537DDB00823962 /* CircleCounterView.m in Sources */ = {isa = PBXBuildFile; fileRef = A503FC4618537DDB00823962 /* CircleCounterView.m */; settings = {COMPILER_FLAGS = "-fno-objc-arc"; }; };
		A503FC4A18537DDB00823962 /* CircleDownCounter.m in Sources */ = {isa = PBXBuildFile; fileRef = A503FC4818537DDB00823962 /* CircleDownCounter.m */; settings = {COMPILER_FLAGS = "-fno-objc-arc"; }; };
		A52A0CAE1852FBD6008DC2B1 /* Foundation.framework in Frameworks */ = {isa = PBXBuildFile; fileRef = A52A0CAD1852FBD6008DC2B1 /* Foundation.framework */; };
		A52A0CB01852FBD6008DC2B1 /* CoreGraphics.framework in Frameworks */ = {isa = PBXBuildFile; fileRef = A52A0CAF1852FBD6008DC2B1 /* CoreGraphics.framework */; };
		A52A0CB21852FBD6008DC2B1 /* UIKit.framework in Frameworks */ = {isa = PBXBuildFile; fileRef = A52A0CB11852FBD6008DC2B1 /* UIKit.framework */; };
		A52A0CB81852FBD6008DC2B1 /* InfoPlist.strings in Resources */ = {isa = PBXBuildFile; fileRef = A52A0CB61852FBD6008DC2B1 /* InfoPlist.strings */; };
		A52A0CBA1852FBD6008DC2B1 /* main.m in Sources */ = {isa = PBXBuildFile; fileRef = A52A0CB91852FBD6008DC2B1 /* main.m */; };
		A52A0CBE1852FBD6008DC2B1 /* BlastAppDelegate.m in Sources */ = {isa = PBXBuildFile; fileRef = A52A0CBD1852FBD6008DC2B1 /* BlastAppDelegate.m */; };
		A52A0CC11852FBD6008DC2B1 /* Main.storyboard in Resources */ = {isa = PBXBuildFile; fileRef = A52A0CBF1852FBD6008DC2B1 /* Main.storyboard */; };
		A52A0CC41852FBD6008DC2B1 /* BlastMainViewController.m in Sources */ = {isa = PBXBuildFile; fileRef = A52A0CC31852FBD6008DC2B1 /* BlastMainViewController.m */; };
		A52A0CC71852FBD6008DC2B1 /* BlastSecondViewController.m in Sources */ = {isa = PBXBuildFile; fileRef = A52A0CC61852FBD6008DC2B1 /* BlastSecondViewController.m */; };
		A52A0CC91852FBD6008DC2B1 /* Images.xcassets in Resources */ = {isa = PBXBuildFile; fileRef = A52A0CC81852FBD6008DC2B1 /* Images.xcassets */; };
		A52A0CD01852FBD6008DC2B1 /* XCTest.framework in Frameworks */ = {isa = PBXBuildFile; fileRef = A52A0CCF1852FBD6008DC2B1 /* XCTest.framework */; };
		A52A0CD11852FBD6008DC2B1 /* Foundation.framework in Frameworks */ = {isa = PBXBuildFile; fileRef = A52A0CAD1852FBD6008DC2B1 /* Foundation.framework */; };
		A52A0CD21852FBD6008DC2B1 /* UIKit.framework in Frameworks */ = {isa = PBXBuildFile; fileRef = A52A0CB11852FBD6008DC2B1 /* UIKit.framework */; };
		A52A0CDA1852FBD7008DC2B1 /* InfoPlist.strings in Resources */ = {isa = PBXBuildFile; fileRef = A52A0CD81852FBD7008DC2B1 /* InfoPlist.strings */; };
		A52A0CDC1852FBD7008DC2B1 /* BlastTests.m in Sources */ = {isa = PBXBuildFile; fileRef = A52A0CDB1852FBD7008DC2B1 /* BlastTests.m */; };
		A52A0CE81852FC2A008DC2B1 /* MyMapViewController.m in Sources */ = {isa = PBXBuildFile; fileRef = A52A0CE61852FC2A008DC2B1 /* MyMapViewController.m */; };
		A52A0CEB1853150D008DC2B1 /* MapKit.framework in Frameworks */ = {isa = PBXBuildFile; fileRef = A52A0CEA1853150D008DC2B1 /* MapKit.framework */; };
		A52A0CF118532812008DC2B1 /* SVPulsingAnnotationView.m in Sources */ = {isa = PBXBuildFile; fileRef = A52A0CF018532812008DC2B1 /* SVPulsingAnnotationView.m */; };
		A52A0CF4185328A5008DC2B1 /* SVAnnotation.m in Sources */ = {isa = PBXBuildFile; fileRef = A52A0CF3185328A5008DC2B1 /* SVAnnotation.m */; };
/* End PBXBuildFile section */

/* Begin PBXContainerItemProxy section */
		A52A0CD31852FBD6008DC2B1 /* PBXContainerItemProxy */ = {
			isa = PBXContainerItemProxy;
			containerPortal = A52A0CA21852FBD6008DC2B1 /* Project object */;
			proxyType = 1;
			remoteGlobalIDString = A52A0CA91852FBD6008DC2B1;
			remoteInfo = Blast;
		};
/* End PBXContainerItemProxy section */

/* Begin PBXFileReference section */
		A503FC20185339E300823962 /* PGError.h */ = {isa = PBXFileReference; fileEncoding = 4; lastKnownFileType = sourcecode.c.h; path = PGError.h; sourceTree = "<group>"; };
		A503FC21185339E300823962 /* PGError.m */ = {isa = PBXFileReference; fileEncoding = 4; lastKnownFileType = sourcecode.c.objc; path = PGError.m; sourceTree = "<group>"; };
		A503FC22185339E300823962 /* PGRequest.h */ = {isa = PBXFileReference; fileEncoding = 4; lastKnownFileType = sourcecode.c.h; path = PGRequest.h; sourceTree = "<group>"; };
		A503FC23185339E300823962 /* PGRequest.m */ = {isa = PBXFileReference; fileEncoding = 4; lastKnownFileType = sourcecode.c.objc; path = PGRequest.m; sourceTree = "<group>"; };
		A503FC24185339E300823962 /* PGRequestConnection.h */ = {isa = PBXFileReference; fileEncoding = 4; lastKnownFileType = sourcecode.c.h; path = PGRequestConnection.h; sourceTree = "<group>"; };
		A503FC25185339E300823962 /* PGRequestConnection.m */ = {isa = PBXFileReference; fileEncoding = 4; lastKnownFileType = sourcecode.c.objc; path = PGRequestConnection.m; sourceTree = "<group>"; };
		A503FC26185339E300823962 /* PGURLConnection.h */ = {isa = PBXFileReference; fileEncoding = 4; lastKnownFileType = sourcecode.c.h; path = PGURLConnection.h; sourceTree = "<group>"; };
		A503FC27185339E300823962 /* PGURLConnection.m */ = {isa = PBXFileReference; fileEncoding = 4; lastKnownFileType = sourcecode.c.objc; path = PGURLConnection.m; sourceTree = "<group>"; };
		A503FC28185339E300823962 /* PGUtility.h */ = {isa = PBXFileReference; fileEncoding = 4; lastKnownFileType = sourcecode.c.h; path = PGUtility.h; sourceTree = "<group>"; };
		A503FC29185339E300823962 /* PGUtility.m */ = {isa = PBXFileReference; fileEncoding = 4; lastKnownFileType = sourcecode.c.objc; path = PGUtility.m; sourceTree = "<group>"; };
		A503FC3018533A2200823962 /* BlastWelcomeViewController.h */ = {isa = PBXFileReference; fileEncoding = 4; lastKnownFileType = sourcecode.c.h; path = BlastWelcomeViewController.h; sourceTree = "<group>"; };
		A503FC3118533A2200823962 /* BlastWelcomeViewController.m */ = {isa = PBXFileReference; fileEncoding = 4; lastKnownFileType = sourcecode.c.objc; path = BlastWelcomeViewController.m; sourceTree = "<group>"; };
		A503FC39185347F300823962 /* BTCameraViewController.h */ = {isa = PBXFileReference; fileEncoding = 4; lastKnownFileType = sourcecode.c.h; path = BTCameraViewController.h; sourceTree = "<group>"; };
		A503FC3A185347F300823962 /* BTCameraViewController.m */ = {isa = PBXFileReference; fileEncoding = 4; lastKnownFileType = sourcecode.c.objc; path = BTCameraViewController.m; sourceTree = "<group>"; };
		A503FC3B185347F300823962 /* BTPostTextViewController.h */ = {isa = PBXFileReference; fileEncoding = 4; lastKnownFileType = sourcecode.c.h; path = BTPostTextViewController.h; sourceTree = "<group>"; };
		A503FC3C185347F300823962 /* BTPostTextViewController.m */ = {isa = PBXFileReference; fileEncoding = 4; lastKnownFileType = sourcecode.c.objc; path = BTPostTextViewController.m; sourceTree = "<group>"; };
		A503FC3F18534D7500823962 /* BlastItemCell.h */ = {isa = PBXFileReference; fileEncoding = 4; lastKnownFileType = sourcecode.c.h; path = BlastItemCell.h; sourceTree = "<group>"; };
		A503FC4018534D7500823962 /* BlastItemCell.m */ = {isa = PBXFileReference; fileEncoding = 4; lastKnownFileType = sourcecode.c.objc; path = BlastItemCell.m; sourceTree = "<group>"; };
		A503FC42185358D800823962 /* MRZoomScrollView.h */ = {isa = PBXFileReference; fileEncoding = 4; lastKnownFileType = sourcecode.c.h; path = MRZoomScrollView.h; sourceTree = "<group>"; };
		A503FC43185358D800823962 /* MRZoomScrollView.m */ = {isa = PBXFileReference; fileEncoding = 4; lastKnownFileType = sourcecode.c.objc; path = MRZoomScrollView.m; sourceTree = "<group>"; };
		A503FC4518537DDB00823962 /* CircleCounterView.h */ = {isa = PBXFileReference; fileEncoding = 4; lastKnownFileType = sourcecode.c.h; path = CircleCounterView.h; sourceTree = "<group>"; };
		A503FC4618537DDB00823962 /* CircleCounterView.m */ = {isa = PBXFileReference; fileEncoding = 4; lastKnownFileType = sourcecode.c.objc; path = CircleCounterView.m; sourceTree = "<group>"; };
		A503FC4718537DDB00823962 /* CircleDownCounter.h */ = {isa = PBXFileReference; fileEncoding = 4; lastKnownFileType = sourcecode.c.h; path = CircleDownCounter.h; sourceTree = "<group>"; };
		A503FC4818537DDB00823962 /* CircleDownCounter.m */ = {isa = PBXFileReference; fileEncoding = 4; lastKnownFileType = sourcecode.c.objc; path = CircleDownCounter.m; sourceTree = "<group>"; };
		A52A0CAA1852FBD6008DC2B1 /* Blast.app */ = {isa = PBXFileReference; explicitFileType = wrapper.application; includeInIndex = 0; path = Blast.app; sourceTree = BUILT_PRODUCTS_DIR; };
		A52A0CAD1852FBD6008DC2B1 /* Foundation.framework */ = {isa = PBXFileReference; lastKnownFileType = wrapper.framework; name = Foundation.framework; path = System/Library/Frameworks/Foundation.framework; sourceTree = SDKROOT; };
		A52A0CAF1852FBD6008DC2B1 /* CoreGraphics.framework */ = {isa = PBXFileReference; lastKnownFileType = wrapper.framework; name = CoreGraphics.framework; path = System/Library/Frameworks/CoreGraphics.framework; sourceTree = SDKROOT; };
		A52A0CB11852FBD6008DC2B1 /* UIKit.framework */ = {isa = PBXFileReference; lastKnownFileType = wrapper.framework; name = UIKit.framework; path = System/Library/Frameworks/UIKit.framework; sourceTree = SDKROOT; };
		A52A0CB51852FBD6008DC2B1 /* Blast-Info.plist */ = {isa = PBXFileReference; lastKnownFileType = text.plist.xml; path = "Blast-Info.plist"; sourceTree = "<group>"; };
		A52A0CB71852FBD6008DC2B1 /* en */ = {isa = PBXFileReference; lastKnownFileType = text.plist.strings; name = en; path = en.lproj/InfoPlist.strings; sourceTree = "<group>"; };
		A52A0CB91852FBD6008DC2B1 /* main.m */ = {isa = PBXFileReference; lastKnownFileType = sourcecode.c.objc; path = main.m; sourceTree = "<group>"; };
		A52A0CBB1852FBD6008DC2B1 /* Blast-Prefix.pch */ = {isa = PBXFileReference; lastKnownFileType = sourcecode.c.h; path = "Blast-Prefix.pch"; sourceTree = "<group>"; };
		A52A0CBC1852FBD6008DC2B1 /* BlastAppDelegate.h */ = {isa = PBXFileReference; lastKnownFileType = sourcecode.c.h; path = BlastAppDelegate.h; sourceTree = "<group>"; };
		A52A0CBD1852FBD6008DC2B1 /* BlastAppDelegate.m */ = {isa = PBXFileReference; lastKnownFileType = sourcecode.c.objc; path = BlastAppDelegate.m; sourceTree = "<group>"; };
		A52A0CC01852FBD6008DC2B1 /* Base */ = {isa = PBXFileReference; lastKnownFileType = file.storyboard; name = Base; path = Base.lproj/Main.storyboard; sourceTree = "<group>"; };
		A52A0CC21852FBD6008DC2B1 /* BlastMainViewController.h */ = {isa = PBXFileReference; lastKnownFileType = sourcecode.c.h; path = BlastMainViewController.h; sourceTree = "<group>"; };
		A52A0CC31852FBD6008DC2B1 /* BlastMainViewController.m */ = {isa = PBXFileReference; lastKnownFileType = sourcecode.c.objc; path = BlastMainViewController.m; sourceTree = "<group>"; };
		A52A0CC51852FBD6008DC2B1 /* BlastSecondViewController.h */ = {isa = PBXFileReference; lastKnownFileType = sourcecode.c.h; path = BlastSecondViewController.h; sourceTree = "<group>"; };
		A52A0CC61852FBD6008DC2B1 /* BlastSecondViewController.m */ = {isa = PBXFileReference; lastKnownFileType = sourcecode.c.objc; path = BlastSecondViewController.m; sourceTree = "<group>"; };
		A52A0CC81852FBD6008DC2B1 /* Images.xcassets */ = {isa = PBXFileReference; lastKnownFileType = folder.assetcatalog; path = Images.xcassets; sourceTree = "<group>"; };
		A52A0CCE1852FBD6008DC2B1 /* BlastTests.xctest */ = {isa = PBXFileReference; explicitFileType = wrapper.cfbundle; includeInIndex = 0; path = BlastTests.xctest; sourceTree = BUILT_PRODUCTS_DIR; };
		A52A0CCF1852FBD6008DC2B1 /* XCTest.framework */ = {isa = PBXFileReference; lastKnownFileType = wrapper.framework; name = XCTest.framework; path = Library/Frameworks/XCTest.framework; sourceTree = DEVELOPER_DIR; };
		A52A0CD71852FBD7008DC2B1 /* BlastTests-Info.plist */ = {isa = PBXFileReference; lastKnownFileType = text.plist.xml; path = "BlastTests-Info.plist"; sourceTree = "<group>"; };
		A52A0CD91852FBD7008DC2B1 /* en */ = {isa = PBXFileReference; lastKnownFileType = text.plist.strings; name = en; path = en.lproj/InfoPlist.strings; sourceTree = "<group>"; };
		A52A0CDB1852FBD7008DC2B1 /* BlastTests.m */ = {isa = PBXFileReference; lastKnownFileType = sourcecode.c.objc; path = BlastTests.m; sourceTree = "<group>"; };
		A52A0CE51852FC2A008DC2B1 /* MyMapViewController.h */ = {isa = PBXFileReference; fileEncoding = 4; lastKnownFileType = sourcecode.c.h; path = MyMapViewController.h; sourceTree = "<group>"; };
		A52A0CE61852FC2A008DC2B1 /* MyMapViewController.m */ = {isa = PBXFileReference; fileEncoding = 4; lastKnownFileType = sourcecode.c.objc; path = MyMapViewController.m; sourceTree = "<group>"; };
		A52A0CEA1853150D008DC2B1 /* MapKit.framework */ = {isa = PBXFileReference; lastKnownFileType = wrapper.framework; name = MapKit.framework; path = System/Library/Frameworks/MapKit.framework; sourceTree = SDKROOT; };
		A52A0CEF18532812008DC2B1 /* SVPulsingAnnotationView.h */ = {isa = PBXFileReference; fileEncoding = 4; lastKnownFileType = sourcecode.c.h; path = SVPulsingAnnotationView.h; sourceTree = "<group>"; };
		A52A0CF018532812008DC2B1 /* SVPulsingAnnotationView.m */ = {isa = PBXFileReference; fileEncoding = 4; lastKnownFileType = sourcecode.c.objc; path = SVPulsingAnnotationView.m; sourceTree = "<group>"; };
		A52A0CF2185328A5008DC2B1 /* SVAnnotation.h */ = {isa = PBXFileReference; fileEncoding = 4; lastKnownFileType = sourcecode.c.h; path = SVAnnotation.h; sourceTree = "<group>"; };
		A52A0CF3185328A5008DC2B1 /* SVAnnotation.m */ = {isa = PBXFileReference; fileEncoding = 4; lastKnownFileType = sourcecode.c.objc; path = SVAnnotation.m; sourceTree = "<group>"; };
/* End PBXFileReference section */

/* Begin PBXFrameworksBuildPhase section */
		A52A0CA71852FBD6008DC2B1 /* Frameworks */ = {
			isa = PBXFrameworksBuildPhase;
			buildActionMask = 2147483647;
			files = (
				A52A0CEB1853150D008DC2B1 /* MapKit.framework in Frameworks */,
				A52A0CB01852FBD6008DC2B1 /* CoreGraphics.framework in Frameworks */,
				A52A0CB21852FBD6008DC2B1 /* UIKit.framework in Frameworks */,
				A52A0CAE1852FBD6008DC2B1 /* Foundation.framework in Frameworks */,
			);
			runOnlyForDeploymentPostprocessing = 0;
		};
		A52A0CCB1852FBD6008DC2B1 /* Frameworks */ = {
			isa = PBXFrameworksBuildPhase;
			buildActionMask = 2147483647;
			files = (
				A52A0CD01852FBD6008DC2B1 /* XCTest.framework in Frameworks */,
				A52A0CD21852FBD6008DC2B1 /* UIKit.framework in Frameworks */,
				A52A0CD11852FBD6008DC2B1 /* Foundation.framework in Frameworks */,
			);
			runOnlyForDeploymentPostprocessing = 0;
		};
/* End PBXFrameworksBuildPhase section */

/* Begin PBXGroup section */
		A503FC1F185339CA00823962 /* Lib */ = {
			isa = PBXGroup;
			children = (
				A503FC4B18537DE000823962 /* CircleCount */,
				A503FC2F185339E800823962 /* PGURL */,
			);
			name = Lib;
			sourceTree = "<group>";
		};
		A503FC2F185339E800823962 /* PGURL */ = {
			isa = PBXGroup;
			children = (
				A503FC20185339E300823962 /* PGError.h */,
				A503FC21185339E300823962 /* PGError.m */,
				A503FC22185339E300823962 /* PGRequest.h */,
				A503FC23185339E300823962 /* PGRequest.m */,
				A503FC24185339E300823962 /* PGRequestConnection.h */,
				A503FC25185339E300823962 /* PGRequestConnection.m */,
				A503FC26185339E300823962 /* PGURLConnection.h */,
				A503FC27185339E300823962 /* PGURLConnection.m */,
				A503FC28185339E300823962 /* PGUtility.h */,
				A503FC29185339E300823962 /* PGUtility.m */,
			);
			name = PGURL;
			sourceTree = "<group>";
		};
		A503FC4B18537DE000823962 /* CircleCount */ = {
			isa = PBXGroup;
			children = (
				A503FC4518537DDB00823962 /* CircleCounterView.h */,
				A503FC4618537DDB00823962 /* CircleCounterView.m */,
				A503FC4718537DDB00823962 /* CircleDownCounter.h */,
				A503FC4818537DDB00823962 /* CircleDownCounter.m */,
			);
			name = CircleCount;
			sourceTree = "<group>";
		};
		A52A0CA11852FBD6008DC2B1 = {
			isa = PBXGroup;
			children = (
				A52A0CB31852FBD6008DC2B1 /* Blast */,
				A52A0CD51852FBD6008DC2B1 /* BlastTests */,
				A52A0CAC1852FBD6008DC2B1 /* Frameworks */,
				A52A0CAB1852FBD6008DC2B1 /* Products */,
			);
			sourceTree = "<group>";
		};
		A52A0CAB1852FBD6008DC2B1 /* Products */ = {
			isa = PBXGroup;
			children = (
				A52A0CAA1852FBD6008DC2B1 /* Blast.app */,
				A52A0CCE1852FBD6008DC2B1 /* BlastTests.xctest */,
			);
			name = Products;
			sourceTree = "<group>";
		};
		A52A0CAC1852FBD6008DC2B1 /* Frameworks */ = {
			isa = PBXGroup;
			children = (
				A52A0CEA1853150D008DC2B1 /* MapKit.framework */,
				A52A0CAD1852FBD6008DC2B1 /* Foundation.framework */,
				A52A0CAF1852FBD6008DC2B1 /* CoreGraphics.framework */,
				A52A0CB11852FBD6008DC2B1 /* UIKit.framework */,
				A52A0CCF1852FBD6008DC2B1 /* XCTest.framework */,
			);
			name = Frameworks;
			sourceTree = "<group>";
		};
		A52A0CB31852FBD6008DC2B1 /* Blast */ = {
			isa = PBXGroup;
			children = (
				A503FC42185358D800823962 /* MRZoomScrollView.h */,
				A503FC43185358D800823962 /* MRZoomScrollView.m */,
				A503FC1F185339CA00823962 /* Lib */,
				A52A0CF2185328A5008DC2B1 /* SVAnnotation.h */,
				A52A0CF3185328A5008DC2B1 /* SVAnnotation.m */,
				A52A0CEF18532812008DC2B1 /* SVPulsingAnnotationView.h */,
				A52A0CF018532812008DC2B1 /* SVPulsingAnnotationView.m */,
				A52A0CBC1852FBD6008DC2B1 /* BlastAppDelegate.h */,
				A52A0CBD1852FBD6008DC2B1 /* BlastAppDelegate.m */,
				A52A0CBF1852FBD6008DC2B1 /* Main.storyboard */,
				A52A0CC21852FBD6008DC2B1 /* BlastMainViewController.h */,
				A52A0CC31852FBD6008DC2B1 /* BlastMainViewController.m */,
				A52A0CC51852FBD6008DC2B1 /* BlastSecondViewController.h */,
				A52A0CC61852FBD6008DC2B1 /* BlastSecondViewController.m */,
				A503FC39185347F300823962 /* BTCameraViewController.h */,
				A503FC3A185347F300823962 /* BTCameraViewController.m */,
				A503FC3B185347F300823962 /* BTPostTextViewController.h */,
				A503FC3C185347F300823962 /* BTPostTextViewController.m */,
				A52A0CC81852FBD6008DC2B1 /* Images.xcassets */,
				A52A0CB41852FBD6008DC2B1 /* Supporting Files */,
				A52A0CE51852FC2A008DC2B1 /* MyMapViewController.h */,
				A52A0CE61852FC2A008DC2B1 /* MyMapViewController.m */,
				A503FC3018533A2200823962 /* BlastWelcomeViewController.h */,
				A503FC3118533A2200823962 /* BlastWelcomeViewController.m */,
				A503FC3F18534D7500823962 /* BlastItemCell.h */,
				A503FC4018534D7500823962 /* BlastItemCell.m */,
			);
			path = Blast;
			sourceTree = "<group>";
		};
		A52A0CB41852FBD6008DC2B1 /* Supporting Files */ = {
			isa = PBXGroup;
			children = (
				A52A0CB51852FBD6008DC2B1 /* Blast-Info.plist */,
				A52A0CB61852FBD6008DC2B1 /* InfoPlist.strings */,
				A52A0CB91852FBD6008DC2B1 /* main.m */,
				A52A0CBB1852FBD6008DC2B1 /* Blast-Prefix.pch */,
			);
			name = "Supporting Files";
			sourceTree = "<group>";
		};
		A52A0CD51852FBD6008DC2B1 /* BlastTests */ = {
			isa = PBXGroup;
			children = (
				A52A0CDB1852FBD7008DC2B1 /* BlastTests.m */,
				A52A0CD61852FBD7008DC2B1 /* Supporting Files */,
			);
			path = BlastTests;
			sourceTree = "<group>";
		};
		A52A0CD61852FBD7008DC2B1 /* Supporting Files */ = {
			isa = PBXGroup;
			children = (
				A52A0CD71852FBD7008DC2B1 /* BlastTests-Info.plist */,
				A52A0CD81852FBD7008DC2B1 /* InfoPlist.strings */,
			);
			name = "Supporting Files";
			sourceTree = "<group>";
		};
/* End PBXGroup section */

/* Begin PBXNativeTarget section */
		A52A0CA91852FBD6008DC2B1 /* Blast */ = {
			isa = PBXNativeTarget;
			buildConfigurationList = A52A0CDF1852FBD7008DC2B1 /* Build configuration list for PBXNativeTarget "Blast" */;
			buildPhases = (
				A52A0CA61852FBD6008DC2B1 /* Sources */,
				A52A0CA71852FBD6008DC2B1 /* Frameworks */,
				A52A0CA81852FBD6008DC2B1 /* Resources */,
			);
			buildRules = (
			);
			dependencies = (
			);
			name = Blast;
			productName = Blast;
			productReference = A52A0CAA1852FBD6008DC2B1 /* Blast.app */;
			productType = "com.apple.product-type.application";
		};
		A52A0CCD1852FBD6008DC2B1 /* BlastTests */ = {
			isa = PBXNativeTarget;
			buildConfigurationList = A52A0CE21852FBD7008DC2B1 /* Build configuration list for PBXNativeTarget "BlastTests" */;
			buildPhases = (
				A52A0CCA1852FBD6008DC2B1 /* Sources */,
				A52A0CCB1852FBD6008DC2B1 /* Frameworks */,
				A52A0CCC1852FBD6008DC2B1 /* Resources */,
			);
			buildRules = (
			);
			dependencies = (
				A52A0CD41852FBD6008DC2B1 /* PBXTargetDependency */,
			);
			name = BlastTests;
			productName = BlastTests;
			productReference = A52A0CCE1852FBD6008DC2B1 /* BlastTests.xctest */;
			productType = "com.apple.product-type.bundle.unit-test";
		};
/* End PBXNativeTarget section */

/* Begin PBXProject section */
		A52A0CA21852FBD6008DC2B1 /* Project object */ = {
			isa = PBXProject;
			attributes = {
				CLASSPREFIX = Blast;
				LastUpgradeCheck = 0500;
				TargetAttributes = {
					A52A0CCD1852FBD6008DC2B1 = {
						TestTargetID = A52A0CA91852FBD6008DC2B1;
					};
				};
			};
			buildConfigurationList = A52A0CA51852FBD6008DC2B1 /* Build configuration list for PBXProject "Blast" */;
			compatibilityVersion = "Xcode 3.2";
			developmentRegion = English;
			hasScannedForEncodings = 0;
			knownRegions = (
				en,
				Base,
			);
			mainGroup = A52A0CA11852FBD6008DC2B1;
			productRefGroup = A52A0CAB1852FBD6008DC2B1 /* Products */;
			projectDirPath = "";
			projectRoot = "";
			targets = (
				A52A0CA91852FBD6008DC2B1 /* Blast */,
				A52A0CCD1852FBD6008DC2B1 /* BlastTests */,
			);
		};
/* End PBXProject section */

/* Begin PBXResourcesBuildPhase section */
		A52A0CA81852FBD6008DC2B1 /* Resources */ = {
			isa = PBXResourcesBuildPhase;
			buildActionMask = 2147483647;
			files = (
				A52A0CC91852FBD6008DC2B1 /* Images.xcassets in Resources */,
				A52A0CB81852FBD6008DC2B1 /* InfoPlist.strings in Resources */,
				A52A0CC11852FBD6008DC2B1 /* Main.storyboard in Resources */,
			);
			runOnlyForDeploymentPostprocessing = 0;
		};
		A52A0CCC1852FBD6008DC2B1 /* Resources */ = {
			isa = PBXResourcesBuildPhase;
			buildActionMask = 2147483647;
			files = (
				A52A0CDA1852FBD7008DC2B1 /* InfoPlist.strings in Resources */,
			);
			runOnlyForDeploymentPostprocessing = 0;
		};
/* End PBXResourcesBuildPhase section */

/* Begin PBXSourcesBuildPhase section */
		A52A0CA61852FBD6008DC2B1 /* Sources */ = {
			isa = PBXSourcesBuildPhase;
			buildActionMask = 2147483647;
			files = (
				A52A0CBA1852FBD6008DC2B1 /* main.m in Sources */,
				A503FC2E185339E300823962 /* PGUtility.m in Sources */,
				A52A0CF118532812008DC2B1 /* SVPulsingAnnotationView.m in Sources */,
				A503FC2C185339E300823962 /* PGRequestConnection.m in Sources */,
				A503FC3E185347F300823962 /* BTPostTextViewController.m in Sources */,
				A503FC2B185339E300823962 /* PGRequest.m in Sources */,
				A503FC4A18537DDB00823962 /* CircleDownCounter.m in Sources */,
				A503FC3D185347F300823962 /* BTCameraViewController.m in Sources */,
				A52A0CC41852FBD6008DC2B1 /* BlastMainViewController.m in Sources */,
				A52A0CBE1852FBD6008DC2B1 /* BlastAppDelegate.m in Sources */,
				A503FC4918537DDB00823962 /* CircleCounterView.m in Sources */,
				A52A0CF4185328A5008DC2B1 /* SVAnnotation.m in Sources */,
				A503FC2A185339E300823962 /* PGError.m in Sources */,
				A52A0CE81852FC2A008DC2B1 /* MyMapViewController.m in Sources */,
				A52A0CC71852FBD6008DC2B1 /* BlastSecondViewController.m in Sources */,
				A503FC2D185339E300823962 /* PGURLConnection.m in Sources */,
				A503FC3218533A2200823962 /* BlastWelcomeViewController.m in Sources */,
				A503FC44185358D800823962 /* MRZoomScrollView.m in Sources */,
				A503FC4118534D7500823962 /* BlastItemCell.m in Sources */,
			);
			runOnlyForDeploymentPostprocessing = 0;
		};
		A52A0CCA1852FBD6008DC2B1 /* Sources */ = {
			isa = PBXSourcesBuildPhase;
			buildActionMask = 2147483647;
			files = (
				A52A0CDC1852FBD7008DC2B1 /* BlastTests.m in Sources */,
			);
			runOnlyForDeploymentPostprocessing = 0;
		};
/* End PBXSourcesBuildPhase section */

/* Begin PBXTargetDependency section */
		A52A0CD41852FBD6008DC2B1 /* PBXTargetDependency */ = {
			isa = PBXTargetDependency;
			target = A52A0CA91852FBD6008DC2B1 /* Blast */;
			targetProxy = A52A0CD31852FBD6008DC2B1 /* PBXContainerItemProxy */;
		};
/* End PBXTargetDependency section */

/* Begin PBXVariantGroup section */
		A52A0CB61852FBD6008DC2B1 /* InfoPlist.strings */ = {
			isa = PBXVariantGroup;
			children = (
				A52A0CB71852FBD6008DC2B1 /* en */,
			);
			name = InfoPlist.strings;
			sourceTree = "<group>";
		};
		A52A0CBF1852FBD6008DC2B1 /* Main.storyboard */ = {
			isa = PBXVariantGroup;
			children = (
				A52A0CC01852FBD6008DC2B1 /* Base */,
			);
			name = Main.storyboard;
			sourceTree = "<group>";
		};
		A52A0CD81852FBD7008DC2B1 /* InfoPlist.strings */ = {
			isa = PBXVariantGroup;
			children = (
				A52A0CD91852FBD7008DC2B1 /* en */,
			);
			name = InfoPlist.strings;
			sourceTree = "<group>";
		};
/* End PBXVariantGroup section */

/* Begin XCBuildConfiguration section */
		A52A0CDD1852FBD7008DC2B1 /* Debug */ = {
			isa = XCBuildConfiguration;
			buildSettings = {
				ALWAYS_SEARCH_USER_PATHS = NO;
				ARCHS = "$(ARCHS_STANDARD_INCLUDING_64_BIT)";
				CLANG_CXX_LANGUAGE_STANDARD = "gnu++0x";
				CLANG_CXX_LIBRARY = "libc++";
				CLANG_ENABLE_MODULES = YES;
				CLANG_ENABLE_OBJC_ARC = YES;
				CLANG_WARN_BOOL_CONVERSION = YES;
				CLANG_WARN_CONSTANT_CONVERSION = YES;
				CLANG_WARN_DIRECT_OBJC_ISA_USAGE = YES_ERROR;
				CLANG_WARN_EMPTY_BODY = YES;
				CLANG_WARN_ENUM_CONVERSION = YES;
				CLANG_WARN_INT_CONVERSION = YES;
				CLANG_WARN_OBJC_ROOT_CLASS = YES_ERROR;
				CLANG_WARN__DUPLICATE_METHOD_MATCH = YES;
				"CODE_SIGN_IDENTITY[sdk=iphoneos*]" = "iPhone Developer";
				COPY_PHASE_STRIP = NO;
				GCC_C_LANGUAGE_STANDARD = gnu99;
				GCC_DYNAMIC_NO_PIC = NO;
				GCC_OPTIMIZATION_LEVEL = 0;
				GCC_PREPROCESSOR_DEFINITIONS = (
					"DEBUG=1",
					"$(inherited)",
				);
				GCC_SYMBOLS_PRIVATE_EXTERN = NO;
				GCC_WARN_64_TO_32_BIT_CONVERSION = YES;
				GCC_WARN_ABOUT_RETURN_TYPE = YES_ERROR;
				GCC_WARN_UNDECLARED_SELECTOR = YES;
				GCC_WARN_UNINITIALIZED_AUTOS = YES;
				GCC_WARN_UNUSED_FUNCTION = YES;
				GCC_WARN_UNUSED_VARIABLE = YES;
				IPHONEOS_DEPLOYMENT_TARGET = 7.0;
				ONLY_ACTIVE_ARCH = YES;
				SDKROOT = iphoneos;
			};
			name = Debug;
		};
		A52A0CDE1852FBD7008DC2B1 /* Release */ = {
			isa = XCBuildConfiguration;
			buildSettings = {
				ALWAYS_SEARCH_USER_PATHS = NO;
				ARCHS = "$(ARCHS_STANDARD_INCLUDING_64_BIT)";
				CLANG_CXX_LANGUAGE_STANDARD = "gnu++0x";
				CLANG_CXX_LIBRARY = "libc++";
				CLANG_ENABLE_MODULES = YES;
				CLANG_ENABLE_OBJC_ARC = YES;
				CLANG_WARN_BOOL_CONVERSION = YES;
				CLANG_WARN_CONSTANT_CONVERSION = YES;
				CLANG_WARN_DIRECT_OBJC_ISA_USAGE = YES_ERROR;
				CLANG_WARN_EMPTY_BODY = YES;
				CLANG_WARN_ENUM_CONVERSION = YES;
				CLANG_WARN_INT_CONVERSION = YES;
				CLANG_WARN_OBJC_ROOT_CLASS = YES_ERROR;
				CLANG_WARN__DUPLICATE_METHOD_MATCH = YES;
				"CODE_SIGN_IDENTITY[sdk=iphoneos*]" = "iPhone Developer";
				COPY_PHASE_STRIP = YES;
				ENABLE_NS_ASSERTIONS = NO;
				GCC_C_LANGUAGE_STANDARD = gnu99;
				GCC_WARN_64_TO_32_BIT_CONVERSION = YES;
				GCC_WARN_ABOUT_RETURN_TYPE = YES_ERROR;
				GCC_WARN_UNDECLARED_SELECTOR = YES;
				GCC_WARN_UNINITIALIZED_AUTOS = YES;
				GCC_WARN_UNUSED_FUNCTION = YES;
				GCC_WARN_UNUSED_VARIABLE = YES;
				IPHONEOS_DEPLOYMENT_TARGET = 7.0;
				SDKROOT = iphoneos;
				VALIDATE_PRODUCT = YES;
			};
			name = Release;
		};
		A52A0CE01852FBD7008DC2B1 /* Debug */ = {
			isa = XCBuildConfiguration;
			buildSettings = {
				ASSETCATALOG_COMPILER_APPICON_NAME = AppIcon;
				ASSETCATALOG_COMPILER_LAUNCHIMAGE_NAME = LaunchImage;
				GCC_PRECOMPILE_PREFIX_HEADER = YES;
				GCC_PREFIX_HEADER = "Blast/Blast-Prefix.pch";
				INFOPLIST_FILE = "Blast/Blast-Info.plist";
				PRODUCT_NAME = "$(TARGET_NAME)";
				WRAPPER_EXTENSION = app;
			};
			name = Debug;
		};
		A52A0CE11852FBD7008DC2B1 /* Release */ = {
			isa = XCBuildConfiguration;
			buildSettings = {
				ASSETCATALOG_COMPILER_APPICON_NAME = AppIcon;
				ASSETCATALOG_COMPILER_LAUNCHIMAGE_NAME = LaunchImage;
				GCC_PRECOMPILE_PREFIX_HEADER = YES;
				GCC_PREFIX_HEADER = "Blast/Blast-Prefix.pch";
				INFOPLIST_FILE = "Blast/Blast-Info.plist";
				PRODUCT_NAME = "$(TARGET_NAME)";
				WRAPPER_EXTENSION = app;
			};
			name = Release;
		};
		A52A0CE31852FBD7008DC2B1 /* Debug */ = {
			isa = XCBuildConfiguration;
			buildSettings = {
				ARCHS = "$(ARCHS_STANDARD_INCLUDING_64_BIT)";
				BUNDLE_LOADER = "$(BUILT_PRODUCTS_DIR)/Blast.app/Blast";
				FRAMEWORK_SEARCH_PATHS = (
					"$(SDKROOT)/Developer/Library/Frameworks",
					"$(inherited)",
					"$(DEVELOPER_FRAMEWORKS_DIR)",
				);
				GCC_PRECOMPILE_PREFIX_HEADER = YES;
				GCC_PREFIX_HEADER = "Blast/Blast-Prefix.pch";
				GCC_PREPROCESSOR_DEFINITIONS = (
					"DEBUG=1",
					"$(inherited)",
				);
				INFOPLIST_FILE = "BlastTests/BlastTests-Info.plist";
				PRODUCT_NAME = "$(TARGET_NAME)";
				TEST_HOST = "$(BUNDLE_LOADER)";
				WRAPPER_EXTENSION = xctest;
			};
			name = Debug;
		};
		A52A0CE41852FBD7008DC2B1 /* Release */ = {
			isa = XCBuildConfiguration;
			buildSettings = {
				ARCHS = "$(ARCHS_STANDARD_INCLUDING_64_BIT)";
				BUNDLE_LOADER = "$(BUILT_PRODUCTS_DIR)/Blast.app/Blast";
				FRAMEWORK_SEARCH_PATHS = (
					"$(SDKROOT)/Developer/Library/Frameworks",
					"$(inherited)",
					"$(DEVELOPER_FRAMEWORKS_DIR)",
				);
				GCC_PRECOMPILE_PREFIX_HEADER = YES;
				GCC_PREFIX_HEADER = "Blast/Blast-Prefix.pch";
				INFOPLIST_FILE = "BlastTests/BlastTests-Info.plist";
				PRODUCT_NAME = "$(TARGET_NAME)";
				TEST_HOST = "$(BUNDLE_LOADER)";
				WRAPPER_EXTENSION = xctest;
			};
			name = Release;
		};
/* End XCBuildConfiguration section */

/* Begin XCConfigurationList section */
		A52A0CA51852FBD6008DC2B1 /* Build configuration list for PBXProject "Blast" */ = {
			isa = XCConfigurationList;
			buildConfigurations = (
				A52A0CDD1852FBD7008DC2B1 /* Debug */,
				A52A0CDE1852FBD7008DC2B1 /* Release */,
			);
			defaultConfigurationIsVisible = 0;
			defaultConfigurationName = Release;
		};
		A52A0CDF1852FBD7008DC2B1 /* Build configuration list for PBXNativeTarget "Blast" */ = {
			isa = XCConfigurationList;
			buildConfigurations = (
				A52A0CE01852FBD7008DC2B1 /* Debug */,
				A52A0CE11852FBD7008DC2B1 /* Release */,
			);
			defaultConfigurationIsVisible = 0;
			defaultConfigurationName = Release;
		};
		A52A0CE21852FBD7008DC2B1 /* Build configuration list for PBXNativeTarget "BlastTests" */ = {
			isa = XCConfigurationList;
			buildConfigurations = (
				A52A0CE31852FBD7008DC2B1 /* Debug */,
				A52A0CE41852FBD7008DC2B1 /* Release */,
			);
			defaultConfigurationIsVisible = 0;
			defaultConfigurationName = Release;
		};
/* End XCConfigurationList section */
	};
	rootObject = A52A0CA21852FBD6008DC2B1 /* Project object */;
}
